// !$*UTF8*$!
{
	archiveVersion = 1;
	classes = {
	};
	objectVersion = 55;
	objects = {

/* Begin PBXBuildFile section */
		B9F84FBF1BE57C81E650C08A /* Pods_ReverseWordsCode.framework in Frameworks */ = {isa = PBXBuildFile; fileRef = 230CD3CE05AF568BF3A100DB /* Pods_ReverseWordsCode.framework */; };
		FB1B26622879FBE100C13FC6 /* AppDelegate.swift in Sources */ = {isa = PBXBuildFile; fileRef = FB1B26612879FBE100C13FC6 /* AppDelegate.swift */; };
		FB1B26642879FBE100C13FC6 /* SceneDelegate.swift in Sources */ = {isa = PBXBuildFile; fileRef = FB1B26632879FBE100C13FC6 /* SceneDelegate.swift */; };
		FB1B26662879FBE100C13FC6 /* ViewController.swift in Sources */ = {isa = PBXBuildFile; fileRef = FB1B26652879FBE100C13FC6 /* ViewController.swift */; };
		FB1B26692879FBE100C13FC6 /* Main.storyboard in Resources */ = {isa = PBXBuildFile; fileRef = FB1B26672879FBE100C13FC6 /* Main.storyboard */; };
		FB1B266B2879FBE300C13FC6 /* Assets.xcassets in Resources */ = {isa = PBXBuildFile; fileRef = FB1B266A2879FBE300C13FC6 /* Assets.xcassets */; };
		FB1B266E2879FBE300C13FC6 /* LaunchScreen.storyboard in Resources */ = {isa = PBXBuildFile; fileRef = FB1B266C2879FBE300C13FC6 /* LaunchScreen.storyboard */; };
		FB1B2678287A090F00C13FC6 /* Roboto-Regular.ttf in Resources */ = {isa = PBXBuildFile; fileRef = FB1B2676287A090E00C13FC6 /* Roboto-Regular.ttf */; };
		FB1B2679287A090F00C13FC6 /* Roboto-Bold.ttf in Resources */ = {isa = PBXBuildFile; fileRef = FB1B2677287A090F00C13FC6 /* Roboto-Bold.ttf */; };
		FB56F9C02889C34500042F25 /* ReverseWordsCodeTests.swift in Sources */ = {isa = PBXBuildFile; fileRef = FB56F9BF2889C34500042F25 /* ReverseWordsCodeTests.swift */; };
		FBFAC3FF288AD388000EC6BA /* ReverseWordsCodeUITests.swift in Sources */ = {isa = PBXBuildFile; fileRef = FBFAC3FE288AD388000EC6BA /* ReverseWordsCodeUITests.swift */; };
		FBFAC401288AD388000EC6BA /* ReverseWordsCodeUITestsLaunchTests.swift in Sources */ = {isa = PBXBuildFile; fileRef = FBFAC400288AD388000EC6BA /* ReverseWordsCodeUITestsLaunchTests.swift */; };
/* End PBXBuildFile section */

/* Begin PBXContainerItemProxy section */
		FB56F9C12889C34500042F25 /* PBXContainerItemProxy */ = {
			isa = PBXContainerItemProxy;
			containerPortal = FB1B26562879FBE100C13FC6 /* Project object */;
			proxyType = 1;
			remoteGlobalIDString = FB1B265D2879FBE100C13FC6;
			remoteInfo = ReverseWordsCode;
		};
		FBFAC402288AD388000EC6BA /* PBXContainerItemProxy */ = {
			isa = PBXContainerItemProxy;
			containerPortal = FB1B26562879FBE100C13FC6 /* Project object */;
			proxyType = 1;
			remoteGlobalIDString = FB1B265D2879FBE100C13FC6;
			remoteInfo = ReverseWordsCode;
		};
/* End PBXContainerItemProxy section */

/* Begin PBXFileReference section */
		09D1249DFF39EF628D69BB00 /* Pods-ReverseWordsCode.debug.xcconfig */ = {isa = PBXFileReference; includeInIndex = 1; lastKnownFileType = text.xcconfig; name = "Pods-ReverseWordsCode.debug.xcconfig"; path = "Target Support Files/Pods-ReverseWordsCode/Pods-ReverseWordsCode.debug.xcconfig"; sourceTree = "<group>"; };
		230CD3CE05AF568BF3A100DB /* Pods_ReverseWordsCode.framework */ = {isa = PBXFileReference; explicitFileType = wrapper.framework; includeInIndex = 0; path = Pods_ReverseWordsCode.framework; sourceTree = BUILT_PRODUCTS_DIR; };
		67FC958CAB5BCC4805C025AC /* Pods-ReverseWordsCode.release.xcconfig */ = {isa = PBXFileReference; includeInIndex = 1; lastKnownFileType = text.xcconfig; name = "Pods-ReverseWordsCode.release.xcconfig"; path = "Target Support Files/Pods-ReverseWordsCode/Pods-ReverseWordsCode.release.xcconfig"; sourceTree = "<group>"; };
		FB1B265E2879FBE100C13FC6 /* ReverseWordsCode.app */ = {isa = PBXFileReference; explicitFileType = wrapper.application; includeInIndex = 0; path = ReverseWordsCode.app; sourceTree = BUILT_PRODUCTS_DIR; };
		FB1B26612879FBE100C13FC6 /* AppDelegate.swift */ = {isa = PBXFileReference; lastKnownFileType = sourcecode.swift; path = AppDelegate.swift; sourceTree = "<group>"; };
		FB1B26632879FBE100C13FC6 /* SceneDelegate.swift */ = {isa = PBXFileReference; lastKnownFileType = sourcecode.swift; path = SceneDelegate.swift; sourceTree = "<group>"; };
		FB1B26652879FBE100C13FC6 /* ViewController.swift */ = {isa = PBXFileReference; lastKnownFileType = sourcecode.swift; path = ViewController.swift; sourceTree = "<group>"; };
		FB1B26682879FBE100C13FC6 /* Base */ = {isa = PBXFileReference; lastKnownFileType = file.storyboard; name = Base; path = Base.lproj/Main.storyboard; sourceTree = "<group>"; };
		FB1B266A2879FBE300C13FC6 /* Assets.xcassets */ = {isa = PBXFileReference; lastKnownFileType = folder.assetcatalog; path = Assets.xcassets; sourceTree = "<group>"; };
		FB1B266D2879FBE300C13FC6 /* Base */ = {isa = PBXFileReference; lastKnownFileType = file.storyboard; name = Base; path = Base.lproj/LaunchScreen.storyboard; sourceTree = "<group>"; };
		FB1B266F2879FBE300C13FC6 /* Info.plist */ = {isa = PBXFileReference; lastKnownFileType = text.plist.xml; path = Info.plist; sourceTree = "<group>"; };
		FB1B2676287A090E00C13FC6 /* Roboto-Regular.ttf */ = {isa = PBXFileReference; lastKnownFileType = file; path = "Roboto-Regular.ttf"; sourceTree = "<group>"; };
		FB1B2677287A090F00C13FC6 /* Roboto-Bold.ttf */ = {isa = PBXFileReference; lastKnownFileType = file; path = "Roboto-Bold.ttf"; sourceTree = "<group>"; };
		FB56F9BD2889C34500042F25 /* ReverseWordsCodeTests.xctest */ = {isa = PBXFileReference; explicitFileType = wrapper.cfbundle; includeInIndex = 0; path = ReverseWordsCodeTests.xctest; sourceTree = BUILT_PRODUCTS_DIR; };
		FB56F9BF2889C34500042F25 /* ReverseWordsCodeTests.swift */ = {isa = PBXFileReference; lastKnownFileType = sourcecode.swift; path = ReverseWordsCodeTests.swift; sourceTree = "<group>"; };
		FBFAC3FC288AD388000EC6BA /* ReverseWordsCodeUITests.xctest */ = {isa = PBXFileReference; explicitFileType = wrapper.cfbundle; includeInIndex = 0; path = ReverseWordsCodeUITests.xctest; sourceTree = BUILT_PRODUCTS_DIR; };
		FBFAC3FE288AD388000EC6BA /* ReverseWordsCodeUITests.swift */ = {isa = PBXFileReference; lastKnownFileType = sourcecode.swift; path = ReverseWordsCodeUITests.swift; sourceTree = "<group>"; };
		FBFAC400288AD388000EC6BA /* ReverseWordsCodeUITestsLaunchTests.swift */ = {isa = PBXFileReference; lastKnownFileType = sourcecode.swift; path = ReverseWordsCodeUITestsLaunchTests.swift; sourceTree = "<group>"; };
/* End PBXFileReference section */

/* Begin PBXFrameworksBuildPhase section */
		FB1B265B2879FBE100C13FC6 /* Frameworks */ = {
			isa = PBXFrameworksBuildPhase;
			buildActionMask = 2147483647;
			files = (
				B9F84FBF1BE57C81E650C08A /* Pods_ReverseWordsCode.framework in Frameworks */,
			);
			runOnlyForDeploymentPostprocessing = 0;
		};
		FB56F9BA2889C34500042F25 /* Frameworks */ = {
			isa = PBXFrameworksBuildPhase;
			buildActionMask = 2147483647;
			files = (
			);
			runOnlyForDeploymentPostprocessing = 0;
		};
		FBFAC3F9288AD387000EC6BA /* Frameworks */ = {
			isa = PBXFrameworksBuildPhase;
			buildActionMask = 2147483647;
			files = (
			);
			runOnlyForDeploymentPostprocessing = 0;
		};
/* End PBXFrameworksBuildPhase section */

/* Begin PBXGroup section */
		420F28A31C5C05E252EC6B18 /* Frameworks */ = {
			isa = PBXGroup;
			children = (
				230CD3CE05AF568BF3A100DB /* Pods_ReverseWordsCode.framework */,
			);
			name = Frameworks;
			sourceTree = "<group>";
		};
		FB1B26552879FBE100C13FC6 = {
			isa = PBXGroup;
			children = (
				FB1B26602879FBE100C13FC6 /* ReverseWordsCode */,
				FB56F9BE2889C34500042F25 /* ReverseWordsCodeTests */,
				FBFAC3FD288AD388000EC6BA /* ReverseWordsCodeUITests */,
				FB1B265F2879FBE100C13FC6 /* Products */,
				FCD5180756AD36B0B208A772 /* Pods */,
				420F28A31C5C05E252EC6B18 /* Frameworks */,
			);
			sourceTree = "<group>";
		};
		FB1B265F2879FBE100C13FC6 /* Products */ = {
			isa = PBXGroup;
			children = (
				FB1B265E2879FBE100C13FC6 /* ReverseWordsCode.app */,
				FB56F9BD2889C34500042F25 /* ReverseWordsCodeTests.xctest */,
				FBFAC3FC288AD388000EC6BA /* ReverseWordsCodeUITests.xctest */,
			);
			name = Products;
			sourceTree = "<group>";
		};
		FB1B26602879FBE100C13FC6 /* ReverseWordsCode */ = {
			isa = PBXGroup;
			children = (
				FB1B2675287A08B000C13FC6 /* Fonts */,
				FB1B26612879FBE100C13FC6 /* AppDelegate.swift */,
				FB1B26632879FBE100C13FC6 /* SceneDelegate.swift */,
				FB1B26652879FBE100C13FC6 /* ViewController.swift */,
				FB1B26672879FBE100C13FC6 /* Main.storyboard */,
				FB1B266A2879FBE300C13FC6 /* Assets.xcassets */,
				FB1B266C2879FBE300C13FC6 /* LaunchScreen.storyboard */,
				FB1B266F2879FBE300C13FC6 /* Info.plist */,
			);
			path = ReverseWordsCode;
			sourceTree = "<group>";
		};
		FB1B2675287A08B000C13FC6 /* Fonts */ = {
			isa = PBXGroup;
			children = (
				FB1B2677287A090F00C13FC6 /* Roboto-Bold.ttf */,
				FB1B2676287A090E00C13FC6 /* Roboto-Regular.ttf */,
			);
			path = Fonts;
			sourceTree = "<group>";
		};
		FB56F9BE2889C34500042F25 /* ReverseWordsCodeTests */ = {
			isa = PBXGroup;
			children = (
				FB56F9BF2889C34500042F25 /* ReverseWordsCodeTests.swift */,
			);
			path = ReverseWordsCodeTests;
			sourceTree = "<group>";
		};
		FBFAC3FD288AD388000EC6BA /* ReverseWordsCodeUITests */ = {
			isa = PBXGroup;
			children = (
				FBFAC3FE288AD388000EC6BA /* ReverseWordsCodeUITests.swift */,
				FBFAC400288AD388000EC6BA /* ReverseWordsCodeUITestsLaunchTests.swift */,
			);
			path = ReverseWordsCodeUITests;
			sourceTree = "<group>";
		};
		FCD5180756AD36B0B208A772 /* Pods */ = {
			isa = PBXGroup;
			children = (
				09D1249DFF39EF628D69BB00 /* Pods-ReverseWordsCode.debug.xcconfig */,
				67FC958CAB5BCC4805C025AC /* Pods-ReverseWordsCode.release.xcconfig */,
			);
			path = Pods;
			sourceTree = "<group>";
		};
/* End PBXGroup section */

/* Begin PBXNativeTarget section */
		FB1B265D2879FBE100C13FC6 /* ReverseWordsCode */ = {
			isa = PBXNativeTarget;
			buildConfigurationList = FB1B26722879FBE300C13FC6 /* Build configuration list for PBXNativeTarget "ReverseWordsCode" */;
			buildPhases = (
				1FA8B93C5DF03A3F314B711B /* [CP] Check Pods Manifest.lock */,
				FB1B265A2879FBE100C13FC6 /* Sources */,
				FB1B265B2879FBE100C13FC6 /* Frameworks */,
				FB1B265C2879FBE100C13FC6 /* Resources */,
				392B66240E6046B4C77BE25F /* [CP] Embed Pods Frameworks */,
			);
			buildRules = (
			);
			dependencies = (
			);
			name = ReverseWordsCode;
			productName = ReverseWordsCode;
			productReference = FB1B265E2879FBE100C13FC6 /* ReverseWordsCode.app */;
			productType = "com.apple.product-type.application";
		};
		FB56F9BC2889C34500042F25 /* ReverseWordsCodeTests */ = {
			isa = PBXNativeTarget;
			buildConfigurationList = FB56F9C52889C34500042F25 /* Build configuration list for PBXNativeTarget "ReverseWordsCodeTests" */;
			buildPhases = (
				FB56F9B92889C34500042F25 /* Sources */,
				FB56F9BA2889C34500042F25 /* Frameworks */,
				FB56F9BB2889C34500042F25 /* Resources */,
			);
			buildRules = (
			);
			dependencies = (
				FB56F9C22889C34500042F25 /* PBXTargetDependency */,
			);
			name = ReverseWordsCodeTests;
			productName = ReverseWordsCodeTests;
			productReference = FB56F9BD2889C34500042F25 /* ReverseWordsCodeTests.xctest */;
			productType = "com.apple.product-type.bundle.unit-test";
		};
		FBFAC3FB288AD387000EC6BA /* ReverseWordsCodeUITests */ = {
			isa = PBXNativeTarget;
			buildConfigurationList = FBFAC406288AD388000EC6BA /* Build configuration list for PBXNativeTarget "ReverseWordsCodeUITests" */;
			buildPhases = (
				FBFAC3F8288AD387000EC6BA /* Sources */,
				FBFAC3F9288AD387000EC6BA /* Frameworks */,
				FBFAC3FA288AD387000EC6BA /* Resources */,
			);
			buildRules = (
			);
			dependencies = (
				FBFAC403288AD388000EC6BA /* PBXTargetDependency */,
			);
			name = ReverseWordsCodeUITests;
			productName = ReverseWordsCodeUITests;
			productReference = FBFAC3FC288AD388000EC6BA /* ReverseWordsCodeUITests.xctest */;
			productType = "com.apple.product-type.bundle.ui-testing";
		};
/* End PBXNativeTarget section */

/* Begin PBXProject section */
		FB1B26562879FBE100C13FC6 /* Project object */ = {
			isa = PBXProject;
			attributes = {
				BuildIndependentTargetsInParallel = 1;
				LastSwiftUpdateCheck = 1330;
				LastUpgradeCheck = 1330;
				TargetAttributes = {
					FB1B265D2879FBE100C13FC6 = {
						CreatedOnToolsVersion = 13.3;
					};
					FB56F9BC2889C34500042F25 = {
						CreatedOnToolsVersion = 13.3;
						TestTargetID = FB1B265D2879FBE100C13FC6;
					};
					FBFAC3FB288AD387000EC6BA = {
						CreatedOnToolsVersion = 13.3;
						TestTargetID = FB1B265D2879FBE100C13FC6;
					};
				};
			};
			buildConfigurationList = FB1B26592879FBE100C13FC6 /* Build configuration list for PBXProject "ReverseWordsCode" */;
			compatibilityVersion = "Xcode 13.0";
			developmentRegion = en;
			hasScannedForEncodings = 0;
			knownRegions = (
				en,
				Base,
			);
			mainGroup = FB1B26552879FBE100C13FC6;
			productRefGroup = FB1B265F2879FBE100C13FC6 /* Products */;
			projectDirPath = "";
			projectRoot = "";
			targets = (
				FB1B265D2879FBE100C13FC6 /* ReverseWordsCode */,
				FB56F9BC2889C34500042F25 /* ReverseWordsCodeTests */,
				FBFAC3FB288AD387000EC6BA /* ReverseWordsCodeUITests */,
			);
		};
/* End PBXProject section */

/* Begin PBXResourcesBuildPhase section */
		FB1B265C2879FBE100C13FC6 /* Resources */ = {
			isa = PBXResourcesBuildPhase;
			buildActionMask = 2147483647;
			files = (
				FB1B266E2879FBE300C13FC6 /* LaunchScreen.storyboard in Resources */,
				FB1B266B2879FBE300C13FC6 /* Assets.xcassets in Resources */,
				FB1B2679287A090F00C13FC6 /* Roboto-Bold.ttf in Resources */,
				FB1B2678287A090F00C13FC6 /* Roboto-Regular.ttf in Resources */,
				FB1B26692879FBE100C13FC6 /* Main.storyboard in Resources */,
			);
			runOnlyForDeploymentPostprocessing = 0;
		};
		FB56F9BB2889C34500042F25 /* Resources */ = {
			isa = PBXResourcesBuildPhase;
			buildActionMask = 2147483647;
			files = (
			);
			runOnlyForDeploymentPostprocessing = 0;
		};
		FBFAC3FA288AD387000EC6BA /* Resources */ = {
			isa = PBXResourcesBuildPhase;
			buildActionMask = 2147483647;
			files = (
			);
			runOnlyForDeploymentPostprocessing = 0;
		};
/* End PBXResourcesBuildPhase section */

/* Begin PBXShellScriptBuildPhase section */
		1FA8B93C5DF03A3F314B711B /* [CP] Check Pods Manifest.lock */ = {
			isa = PBXShellScriptBuildPhase;
			buildActionMask = 2147483647;
			files = (
			);
			inputFileListPaths = (
			);
			inputPaths = (
				"${PODS_PODFILE_DIR_PATH}/Podfile.lock",
				"${PODS_ROOT}/Manifest.lock",
			);
			name = "[CP] Check Pods Manifest.lock";
			outputFileListPaths = (
			);
			outputPaths = (
				"$(DERIVED_FILE_DIR)/Pods-ReverseWordsCode-checkManifestLockResult.txt",
			);
			runOnlyForDeploymentPostprocessing = 0;
			shellPath = /bin/sh;
			shellScript = "diff \"${PODS_PODFILE_DIR_PATH}/Podfile.lock\" \"${PODS_ROOT}/Manifest.lock\" > /dev/null\nif [ $? != 0 ] ; then\n    # print error to STDERR\n    echo \"error: The sandbox is not in sync with the Podfile.lock. Run 'pod install' or update your CocoaPods installation.\" >&2\n    exit 1\nfi\n# This output is used by Xcode 'outputs' to avoid re-running this script phase.\necho \"SUCCESS\" > \"${SCRIPT_OUTPUT_FILE_0}\"\n";
			showEnvVarsInLog = 0;
		};
		392B66240E6046B4C77BE25F /* [CP] Embed Pods Frameworks */ = {
			isa = PBXShellScriptBuildPhase;
			buildActionMask = 2147483647;
			files = (
			);
			inputFileListPaths = (
				"${PODS_ROOT}/Target Support Files/Pods-ReverseWordsCode/Pods-ReverseWordsCode-frameworks-${CONFIGURATION}-input-files.xcfilelist",
			);
			name = "[CP] Embed Pods Frameworks";
			outputFileListPaths = (
				"${PODS_ROOT}/Target Support Files/Pods-ReverseWordsCode/Pods-ReverseWordsCode-frameworks-${CONFIGURATION}-output-files.xcfilelist",
			);
			runOnlyForDeploymentPostprocessing = 0;
			shellPath = /bin/sh;
			shellScript = "\"${PODS_ROOT}/Target Support Files/Pods-ReverseWordsCode/Pods-ReverseWordsCode-frameworks.sh\"\n";
			showEnvVarsInLog = 0;
		};
/* End PBXShellScriptBuildPhase section */

/* Begin PBXSourcesBuildPhase section */
		FB1B265A2879FBE100C13FC6 /* Sources */ = {
			isa = PBXSourcesBuildPhase;
			buildActionMask = 2147483647;
			files = (
				FB1B26662879FBE100C13FC6 /* ViewController.swift in Sources */,
				FB1B26622879FBE100C13FC6 /* AppDelegate.swift in Sources */,
				FB1B26642879FBE100C13FC6 /* SceneDelegate.swift in Sources */,
			);
			runOnlyForDeploymentPostprocessing = 0;
		};
		FB56F9B92889C34500042F25 /* Sources */ = {
			isa = PBXSourcesBuildPhase;
			buildActionMask = 2147483647;
			files = (
				FB56F9C02889C34500042F25 /* ReverseWordsCodeTests.swift in Sources */,
			);
			runOnlyForDeploymentPostprocessing = 0;
		};
		FBFAC3F8288AD387000EC6BA /* Sources */ = {
			isa = PBXSourcesBuildPhase;
			buildActionMask = 2147483647;
			files = (
				FBFAC401288AD388000EC6BA /* ReverseWordsCodeUITestsLaunchTests.swift in Sources */,
				FBFAC3FF288AD388000EC6BA /* ReverseWordsCodeUITests.swift in Sources */,
			);
			runOnlyForDeploymentPostprocessing = 0;
		};
/* End PBXSourcesBuildPhase section */

/* Begin PBXTargetDependency section */
		FB56F9C22889C34500042F25 /* PBXTargetDependency */ = {
			isa = PBXTargetDependency;
			target = FB1B265D2879FBE100C13FC6 /* ReverseWordsCode */;
			targetProxy = FB56F9C12889C34500042F25 /* PBXContainerItemProxy */;
		};
		FBFAC403288AD388000EC6BA /* PBXTargetDependency */ = {
			isa = PBXTargetDependency;
			target = FB1B265D2879FBE100C13FC6 /* ReverseWordsCode */;
			targetProxy = FBFAC402288AD388000EC6BA /* PBXContainerItemProxy */;
		};
/* End PBXTargetDependency section */

/* Begin PBXVariantGroup section */
		FB1B26672879FBE100C13FC6 /* Main.storyboard */ = {
			isa = PBXVariantGroup;
			children = (
				FB1B26682879FBE100C13FC6 /* Base */,
			);
			name = Main.storyboard;
			sourceTree = "<group>";
		};
		FB1B266C2879FBE300C13FC6 /* LaunchScreen.storyboard */ = {
			isa = PBXVariantGroup;
			children = (
				FB1B266D2879FBE300C13FC6 /* Base */,
			);
			name = LaunchScreen.storyboard;
			sourceTree = "<group>";
		};
/* End PBXVariantGroup section */

/* Begin XCBuildConfiguration section */
		FB1B26702879FBE300C13FC6 /* Debug */ = {
			isa = XCBuildConfiguration;
			buildSettings = {
				ALWAYS_SEARCH_USER_PATHS = NO;
				CLANG_ANALYZER_NONNULL = YES;
				CLANG_ANALYZER_NUMBER_OBJECT_CONVERSION = YES_AGGRESSIVE;
				CLANG_CXX_LANGUAGE_STANDARD = "gnu++17";
				CLANG_ENABLE_MODULES = YES;
				CLANG_ENABLE_OBJC_ARC = YES;
				CLANG_ENABLE_OBJC_WEAK = YES;
				CLANG_WARN_BLOCK_CAPTURE_AUTORELEASING = YES;
				CLANG_WARN_BOOL_CONVERSION = YES;
				CLANG_WARN_COMMA = YES;
				CLANG_WARN_CONSTANT_CONVERSION = YES;
				CLANG_WARN_DEPRECATED_OBJC_IMPLEMENTATIONS = YES;
				CLANG_WARN_DIRECT_OBJC_ISA_USAGE = YES_ERROR;
				CLANG_WARN_DOCUMENTATION_COMMENTS = YES;
				CLANG_WARN_EMPTY_BODY = YES;
				CLANG_WARN_ENUM_CONVERSION = YES;
				CLANG_WARN_INFINITE_RECURSION = YES;
				CLANG_WARN_INT_CONVERSION = YES;
				CLANG_WARN_NON_LITERAL_NULL_CONVERSION = YES;
				CLANG_WARN_OBJC_IMPLICIT_RETAIN_SELF = YES;
				CLANG_WARN_OBJC_LITERAL_CONVERSION = YES;
				CLANG_WARN_OBJC_ROOT_CLASS = YES_ERROR;
				CLANG_WARN_QUOTED_INCLUDE_IN_FRAMEWORK_HEADER = YES;
				CLANG_WARN_RANGE_LOOP_ANALYSIS = YES;
				CLANG_WARN_STRICT_PROTOTYPES = YES;
				CLANG_WARN_SUSPICIOUS_MOVE = YES;
				CLANG_WARN_UNGUARDED_AVAILABILITY = YES_AGGRESSIVE;
				CLANG_WARN_UNREACHABLE_CODE = YES;
				CLANG_WARN__DUPLICATE_METHOD_MATCH = YES;
				COPY_PHASE_STRIP = NO;
				DEBUG_INFORMATION_FORMAT = dwarf;
				ENABLE_STRICT_OBJC_MSGSEND = YES;
				ENABLE_TESTABILITY = YES;
				GCC_C_LANGUAGE_STANDARD = gnu11;
				GCC_DYNAMIC_NO_PIC = NO;
				GCC_NO_COMMON_BLOCKS = YES;
				GCC_OPTIMIZATION_LEVEL = 0;
				GCC_PREPROCESSOR_DEFINITIONS = (
					"DEBUG=1",
					"$(inherited)",
				);
				GCC_WARN_64_TO_32_BIT_CONVERSION = YES;
				GCC_WARN_ABOUT_RETURN_TYPE = YES_ERROR;
				GCC_WARN_UNDECLARED_SELECTOR = YES;
				GCC_WARN_UNINITIALIZED_AUTOS = YES_AGGRESSIVE;
				GCC_WARN_UNUSED_FUNCTION = YES;
				GCC_WARN_UNUSED_VARIABLE = YES;
				IPHONEOS_DEPLOYMENT_TARGET = 15.4;
				MTL_ENABLE_DEBUG_INFO = INCLUDE_SOURCE;
				MTL_FAST_MATH = YES;
				ONLY_ACTIVE_ARCH = YES;
				SDKROOT = iphoneos;
				SWIFT_ACTIVE_COMPILATION_CONDITIONS = DEBUG;
				SWIFT_OPTIMIZATION_LEVEL = "-Onone";
			};
			name = Debug;
		};
		FB1B26712879FBE300C13FC6 /* Release */ = {
			isa = XCBuildConfiguration;
			buildSettings = {
				ALWAYS_SEARCH_USER_PATHS = NO;
				CLANG_ANALYZER_NONNULL = YES;
				CLANG_ANALYZER_NUMBER_OBJECT_CONVERSION = YES_AGGRESSIVE;
				CLANG_CXX_LANGUAGE_STANDARD = "gnu++17";
				CLANG_ENABLE_MODULES = YES;
				CLANG_ENABLE_OBJC_ARC = YES;
				CLANG_ENABLE_OBJC_WEAK = YES;
				CLANG_WARN_BLOCK_CAPTURE_AUTORELEASING = YES;
				CLANG_WARN_BOOL_CONVERSION = YES;
				CLANG_WARN_COMMA = YES;
				CLANG_WARN_CONSTANT_CONVERSION = YES;
				CLANG_WARN_DEPRECATED_OBJC_IMPLEMENTATIONS = YES;
				CLANG_WARN_DIRECT_OBJC_ISA_USAGE = YES_ERROR;
				CLANG_WARN_DOCUMENTATION_COMMENTS = YES;
				CLANG_WARN_EMPTY_BODY = YES;
				CLANG_WARN_ENUM_CONVERSION = YES;
				CLANG_WARN_INFINITE_RECURSION = YES;
				CLANG_WARN_INT_CONVERSION = YES;
				CLANG_WARN_NON_LITERAL_NULL_CONVERSION = YES;
				CLANG_WARN_OBJC_IMPLICIT_RETAIN_SELF = YES;
				CLANG_WARN_OBJC_LITERAL_CONVERSION = YES;
				CLANG_WARN_OBJC_ROOT_CLASS = YES_ERROR;
				CLANG_WARN_QUOTED_INCLUDE_IN_FRAMEWORK_HEADER = YES;
				CLANG_WARN_RANGE_LOOP_ANALYSIS = YES;
				CLANG_WARN_STRICT_PROTOTYPES = YES;
				CLANG_WARN_SUSPICIOUS_MOVE = YES;
				CLANG_WARN_UNGUARDED_AVAILABILITY = YES_AGGRESSIVE;
				CLANG_WARN_UNREACHABLE_CODE = YES;
				CLANG_WARN__DUPLICATE_METHOD_MATCH = YES;
				COPY_PHASE_STRIP = NO;
				DEBUG_INFORMATION_FORMAT = "dwarf-with-dsym";
				ENABLE_NS_ASSERTIONS = NO;
				ENABLE_STRICT_OBJC_MSGSEND = YES;
				GCC_C_LANGUAGE_STANDARD = gnu11;
				GCC_NO_COMMON_BLOCKS = YES;
				GCC_WARN_64_TO_32_BIT_CONVERSION = YES;
				GCC_WARN_ABOUT_RETURN_TYPE = YES_ERROR;
				GCC_WARN_UNDECLARED_SELECTOR = YES;
				GCC_WARN_UNINITIALIZED_AUTOS = YES_AGGRESSIVE;
				GCC_WARN_UNUSED_FUNCTION = YES;
				GCC_WARN_UNUSED_VARIABLE = YES;
				IPHONEOS_DEPLOYMENT_TARGET = 15.4;
				MTL_ENABLE_DEBUG_INFO = NO;
				MTL_FAST_MATH = YES;
				SDKROOT = iphoneos;
				SWIFT_COMPILATION_MODE = wholemodule;
				SWIFT_OPTIMIZATION_LEVEL = "-O";
				VALIDATE_PRODUCT = YES;
			};
			name = Release;
		};
		FB1B26732879FBE300C13FC6 /* Debug */ = {
			isa = XCBuildConfiguration;
			baseConfigurationReference = 09D1249DFF39EF628D69BB00 /* Pods-ReverseWordsCode.debug.xcconfig */;
			buildSettings = {
				ASSETCATALOG_COMPILER_APPICON_NAME = AppIcon;
				ASSETCATALOG_COMPILER_GLOBAL_ACCENT_COLOR_NAME = AccentColor;
				CODE_SIGN_STYLE = Automatic;
				CURRENT_PROJECT_VERSION = 1;
				DEVELOPMENT_TEAM = 9C4CX4LW72;
				GENERATE_INFOPLIST_FILE = YES;
				INFOPLIST_FILE = ReverseWordsCode/Info.plist;
				INFOPLIST_KEY_UIApplicationSupportsIndirectInputEvents = YES;
				INFOPLIST_KEY_UILaunchStoryboardName = LaunchScreen;
				INFOPLIST_KEY_UIMainStoryboardFile = Main;
				INFOPLIST_KEY_UISupportedInterfaceOrientations = UIInterfaceOrientationPortrait;
				INFOPLIST_KEY_UISupportedInterfaceOrientations_iPad = "UIInterfaceOrientationPortrait UIInterfaceOrientationPortraitUpsideDown UIInterfaceOrientationLandscapeLeft UIInterfaceOrientationLandscapeRight";
				INFOPLIST_KEY_UISupportedInterfaceOrientations_iPhone = UIInterfaceOrientationPortrait;
				IPHONEOS_DEPLOYMENT_TARGET = 13.0;
				LD_RUNPATH_SEARCH_PATHS = (
					"$(inherited)",
					"@executable_path/Frameworks",
				);
				MARKETING_VERSION = 1.0;
				PRODUCT_BUNDLE_IDENTIFIER = VladyslavNhuien.ReverseWordsCode;
				PRODUCT_NAME = "$(TARGET_NAME)";
				SWIFT_EMIT_LOC_STRINGS = YES;
				SWIFT_VERSION = 5.0;
				TARGETED_DEVICE_FAMILY = 1;
			};
			name = Debug;
		};
		FB1B26742879FBE300C13FC6 /* Release */ = {
			isa = XCBuildConfiguration;
			baseConfigurationReference = 67FC958CAB5BCC4805C025AC /* Pods-ReverseWordsCode.release.xcconfig */;
			buildSettings = {
				ASSETCATALOG_COMPILER_APPICON_NAME = AppIcon;
				ASSETCATALOG_COMPILER_GLOBAL_ACCENT_COLOR_NAME = AccentColor;
				CODE_SIGN_STYLE = Automatic;
				CURRENT_PROJECT_VERSION = 1;
				DEVELOPMENT_TEAM = 9C4CX4LW72;
				GENERATE_INFOPLIST_FILE = YES;
				INFOPLIST_FILE = ReverseWordsCode/Info.plist;
				INFOPLIST_KEY_UIApplicationSupportsIndirectInputEvents = YES;
				INFOPLIST_KEY_UILaunchStoryboardName = LaunchScreen;
				INFOPLIST_KEY_UIMainStoryboardFile = Main;
				INFOPLIST_KEY_UISupportedInterfaceOrientations = UIInterfaceOrientationPortrait;
				INFOPLIST_KEY_UISupportedInterfaceOrientations_iPad = "UIInterfaceOrientationPortrait UIInterfaceOrientationPortraitUpsideDown UIInterfaceOrientationLandscapeLeft UIInterfaceOrientationLandscapeRight";
				INFOPLIST_KEY_UISupportedInterfaceOrientations_iPhone = UIInterfaceOrientationPortrait;
				IPHONEOS_DEPLOYMENT_TARGET = 13.0;
				LD_RUNPATH_SEARCH_PATHS = (
					"$(inherited)",
					"@executable_path/Frameworks",
				);
				MARKETING_VERSION = 1.0;
				PRODUCT_BUNDLE_IDENTIFIER = VladyslavNhuien.ReverseWordsCode;
				PRODUCT_NAME = "$(TARGET_NAME)";
				SWIFT_EMIT_LOC_STRINGS = YES;
				SWIFT_VERSION = 5.0;
				TARGETED_DEVICE_FAMILY = 1;
			};
			name = Release;
		};
		FB56F9C32889C34500042F25 /* Debug */ = {
			isa = XCBuildConfiguration;
			buildSettings = {
				BUNDLE_LOADER = "$(TEST_HOST)";
				CODE_SIGN_STYLE = Automatic;
				CURRENT_PROJECT_VERSION = 1;
				DEVELOPMENT_TEAM = 9C4CX4LW72;
				GENERATE_INFOPLIST_FILE = YES;
				MARKETING_VERSION = 1.0;
				PRODUCT_BUNDLE_IDENTIFIER = VladyslavNhuien.ReverseWordsCodeTests;
				PRODUCT_NAME = "$(TARGET_NAME)";
				SWIFT_EMIT_LOC_STRINGS = NO;
				SWIFT_VERSION = 5.0;
				TARGETED_DEVICE_FAMILY = "1,2";
				TEST_HOST = "$(BUILT_PRODUCTS_DIR)/ReverseWordsCode.app/ReverseWordsCode";
			};
			name = Debug;
		};
		FB56F9C42889C34500042F25 /* Release */ = {
			isa = XCBuildConfiguration;
			buildSettings = {
				BUNDLE_LOADER = "$(TEST_HOST)";
				CODE_SIGN_STYLE = Automatic;
				CURRENT_PROJECT_VERSION = 1;
				DEVELOPMENT_TEAM = 9C4CX4LW72;
				GENERATE_INFOPLIST_FILE = YES;
				MARKETING_VERSION = 1.0;
				PRODUCT_BUNDLE_IDENTIFIER = VladyslavNhuien.ReverseWordsCodeTests;
				PRODUCT_NAME = "$(TARGET_NAME)";
				SWIFT_EMIT_LOC_STRINGS = NO;
				SWIFT_VERSION = 5.0;
				TARGETED_DEVICE_FAMILY = "1,2";
				TEST_HOST = "$(BUILT_PRODUCTS_DIR)/ReverseWordsCode.app/ReverseWordsCode";
			};
			name = Release;
		};
		FBFAC404288AD388000EC6BA /* Debug */ = {
			isa = XCBuildConfiguration;
			buildSettings = {
				CODE_SIGN_STYLE = Automatic;
				CURRENT_PROJECT_VERSION = 1;
				DEVELOPMENT_TEAM = 9C4CX4LW72;
				GENERATE_INFOPLIST_FILE = YES;
				MARKETING_VERSION = 1.0;
				PRODUCT_BUNDLE_IDENTIFIER = VladyslavNhuien.ReverseWordsCodeUITests;
				PRODUCT_NAME = "$(TARGET_NAME)";
				SWIFT_EMIT_LOC_STRINGS = NO;
				SWIFT_VERSION = 5.0;
				TARGETED_DEVICE_FAMILY = "1,2";
				TEST_TARGET_NAME = ReverseWordsCode;
			};
			name = Debug;
		};
		FBFAC405288AD388000EC6BA /* Release */ = {
			isa = XCBuildConfiguration;
			buildSettings = {
				CODE_SIGN_STYLE = Automatic;
				CURRENT_PROJECT_VERSION = 1;
				DEVELOPMENT_TEAM = 9C4CX4LW72;
				GENERATE_INFOPLIST_FILE = YES;
				MARKETING_VERSION = 1.0;
				PRODUCT_BUNDLE_IDENTIFIER = VladyslavNhuien.ReverseWordsCodeUITests;
				PRODUCT_NAME = "$(TARGET_NAME)";
				SWIFT_EMIT_LOC_STRINGS = NO;
				SWIFT_VERSION = 5.0;
				TARGETED_DEVICE_FAMILY = "1,2";
				TEST_TARGET_NAME = ReverseWordsCode;
			};
			name = Release;
		};
/* End XCBuildConfiguration section */

/* Begin XCConfigurationList section */
		FB1B26592879FBE100C13FC6 /* Build configuration list for PBXProject "ReverseWordsCode" */ = {
			isa = XCConfigurationList;
			buildConfigurations = (
				FB1B26702879FBE300C13FC6 /* Debug */,
				FB1B26712879FBE300C13FC6 /* Release */,
			);
			defaultConfigurationIsVisible = 0;
			defaultConfigurationName = Release;
		};
		FB1B26722879FBE300C13FC6 /* Build configuration list for PBXNativeTarget "ReverseWordsCode" */ = {
			isa = XCConfigurationList;
			buildConfigurations = (
				FB1B26732879FBE300C13FC6 /* Debug */,
				FB1B26742879FBE300C13FC6 /* Release */,
			);
			defaultConfigurationIsVisible = 0;
			defaultConfigurationName = Release;
		};
		FB56F9C52889C34500042F25 /* Build configuration list for PBXNativeTarget "ReverseWordsCodeTests" */ = {
			isa = XCConfigurationList;
			buildConfigurations = (
				FB56F9C32889C34500042F25 /* Debug */,
				FB56F9C42889C34500042F25 /* Release */,
			);
			defaultConfigurationIsVisible = 0;
			defaultConfigurationName = Release;
		};
		FBFAC406288AD388000EC6BA /* Build configuration list for PBXNativeTarget "ReverseWordsCodeUITests" */ = {
			isa = XCConfigurationList;
			buildConfigurations = (
				FBFAC404288AD388000EC6BA /* Debug */,
				FBFAC405288AD388000EC6BA /* Release */,
			);
			defaultConfigurationIsVisible = 0;
			defaultConfigurationName = Release;
		};
/* End XCConfigurationList section */
	};
	rootObject = FB1B26562879FBE100C13FC6 /* Project object */;
}
